
Microsoft Visual Studio Solution File, Format Version 12.00
# Visual Studio Version 16
VisualStudioVersion = 16.0.30225.117
MinimumVisualStudioVersion = 10.0.40219.1
Project("{FAE04EC0-301F-11D3-BF4B-00C04F79EFBC}") = "MSA_Phase1_StudentAPI", "MSA_Phase1_StudentAPI.csproj", "{B3C20549-7375-42AF-966D-C472A3DEDE0D}"
EndProject
Global
	GlobalSection(SolutionConfigurationPlatforms) = preSolution
		Debug|Any CPU = Debug|Any CPU
		Release|Any CPU = Release|Any CPU
	EndGlobalSection
	GlobalSection(ProjectConfigurationPlatforms) = postSolution
		{B3C20549-7375-42AF-966D-C472A3DEDE0D}.Debug|Any CPU.ActiveCfg = Debug|Any CPU
		{B3C20549-7375-42AF-966D-C472A3DEDE0D}.Debug|Any CPU.Build.0 = Debug|Any CPU
		{B3C20549-7375-42AF-966D-C472A3DEDE0D}.Release|Any CPU.ActiveCfg = Release|Any CPU
		{B3C20549-7375-42AF-966D-C472A3DEDE0D}.Release|Any CPU.Build.0 = Release|Any CPU
	EndGlobalSection
	GlobalSection(SolutionProperties) = preSolution
		HideSolutionNode = FALSE
	EndGlobalSection
	GlobalSection(ExtensibilityGlobals) = postSolution
		SolutionGuid = {E5805368-D749-4C8F-BDB6-D137E69FCEC0}
	EndGlobalSection
EndGlobal
